<?xml version="1.0" encoding="utf-8"?>
<Project ToolsVersion="4.0" xmlns="http://schemas.microsoft.com/developer/msbuild/2003">
  <ItemGroup>
    <Filter Include="Source Files">
      <UniqueIdentifier>{4FC737F1-C7A5-4376-A066-2A32D752A2FF}</UniqueIdentifier>
      <Extensions>cpp;c;cc;cxx;c++;cppm;ixx;def;odl;idl;hpj;bat;asm;asmx</Extensions>
    </Filter>
    <Filter Include="Header Files">
      <UniqueIdentifier>{93995380-89BD-4b04-88EB-625FBE52EBFB}</UniqueIdentifier>
      <Extensions>h;hh;hpp;hxx;h++;hm;inl;inc;ipp;xsd</Extensions>
    </Filter>
    <Filter Include="Resource Files">
      <UniqueIdentifier>{67DA6AB6-F800-4c08-8B7A-83BB121AAD01}</UniqueIdentifier>
      <Extensions>rc;ico;cur;bmp;dlg;rc2;rct;bin;rgs;gif;jpg;jpeg;jpe;resx;tiff;tif;png;wav;mfcribbon-ms</Extensions>
    </Filter>
    <Filter Include="ThirdParty">
      <UniqueIdentifier>{75378eab-e954-4651-8fce-50bf733b1734}</UniqueIdentifier>
    </Filter>
    <Filter Include="Resources">
      <UniqueIdentifier>{14b6fbe0-782a-4c3c-9273-baca7cad9237}</UniqueIdentifier>
    </Filter>
    <Filter Include="Source Files\Tile">
      <UniqueIdentifier>{6b43ef55-a851-4b88-9052-1ea7696ce9b8}</UniqueIdentifier>
    </Filter>
    <Filter Include="Source Files\Action">
      <UniqueIdentifier>{b3f624b3-6d10-486e-ac7d-7d80d5f8dc43}</UniqueIdentifier>
    </Filter>
    <Filter Include="Source Files\DecisionProvider">
      <UniqueIdentifier>{652faa03-b03e-4db2-a7e0-077a0a637d9e}</UniqueIdentifier>
    </Filter>
    <Filter Include="Source Files\UI">
      <UniqueIdentifier>{89c7ec05-50c2-468f-8a21-aa2d53b3b517}</UniqueIdentifier>
    </Filter>
    <Filter Include="Header Files\Action">
      <UniqueIdentifier>{dded1f0c-0bd9-4faa-ba0a-d4d9c8dcd0c6}</UniqueIdentifier>
    </Filter>
    <Filter Include="Header Files\Tile">
      <UniqueIdentifier>{f39d899c-83be-4907-86b0-b3870f2033af}</UniqueIdentifier>
    </Filter>
    <Filter Include="Header Files\UI">
      <UniqueIdentifier>{06df0f13-1974-45dd-94cf-46e6b0beeb6e}</UniqueIdentifier>
    </Filter>
    <Filter Include="Header Files\DecisionProvider">
      <UniqueIdentifier>{a35ff3a8-b079-4672-8990-3bac07ec889b}</UniqueIdentifier>
    </Filter>
  </ItemGroup>
  <ItemGroup>
    <ClCompile Include="Monopoly.cpp">
      <Filter>Source Files</Filter>
    </ClCompile>
    <ClCompile Include="Player.cpp">
      <Filter>Source Files</Filter>
    </ClCompile>
    <ClCompile Include="GameManager.cpp">
      <Filter>Source Files</Filter>
    </ClCompile>
    <ClCompile Include="CardDeck.cpp">
      <Filter>Source Files</Filter>
    </ClCompile>
    <ClCompile Include="Board.cpp">
      <Filter>Source Files</Filter>
    </ClCompile>
    <ClCompile Include="Dice.cpp">
      <Filter>Source Files</Filter>
    </ClCompile>
    <ClCompile Include="ThirdParty\tinyxml2\tinyxml2.cpp">
      <Filter>ThirdParty</Filter>
    </ClCompile>
    <ClCompile Include="Card.cpp">
      <Filter>Source Files</Filter>
    </ClCompile>
    <ClCompile Include="Game.cpp">
      <Filter>Source Files</Filter>
    </ClCompile>
    <ClCompile Include="ActionTile.cpp">
      <Filter>Source Files\Tile</Filter>
    </ClCompile>
    <ClCompile Include="CardTile.cpp">
      <Filter>Source Files\Tile</Filter>
    </ClCompile>
    <ClCompile Include="FreeParkingTile.cpp">
      <Filter>Source Files\Tile</Filter>
    </ClCompile>
    <ClCompile Include="GoToJailTile.cpp">
      <Filter>Source Files\Tile</Filter>
    </ClCompile>
    <ClCompile Include="JailTile.cpp">
      <Filter>Source Files\Tile</Filter>
    </ClCompile>
    <ClCompile Include="PropertyTile.cpp">
      <Filter>Source Files\Tile</Filter>
    </ClCompile>
    <ClCompile Include="RailroadTile.cpp">
      <Filter>Source Files\Tile</Filter>
    </ClCompile>
    <ClCompile Include="StreetTile.cpp">
      <Filter>Source Files\Tile</Filter>
    </ClCompile>
    <ClCompile Include="TaxTile.cpp">
      <Filter>Source Files\Tile</Filter>
    </ClCompile>
    <ClCompile Include="UtilityTile.cpp">
      <Filter>Source Files\Tile</Filter>
    </ClCompile>
    <ClCompile Include="ConsoleDecisionProvider.cpp">
      <Filter>Source Files\DecisionProvider</Filter>
    </ClCompile>
    <ClCompile Include="BuyPropertyAction.cpp">
      <Filter>Source Files\Action</Filter>
    </ClCompile>
    <ClCompile Include="GoTile.cpp">
      <Filter>Source Files\Tile</Filter>
    </ClCompile>
    <ClCompile Include="Tile.cpp">
      <Filter>Source Files\Tile</Filter>
    </ClCompile>
    <ClCompile Include="ConsoleUI.cpp">
      <Filter>Source Files\UI</Filter>
    </ClCompile>
    <ClCompile Include="BotDecisionProvider.cpp">
      <Filter>Source Files\DecisionProvider</Filter>
    </ClCompile>
    <ClCompile Include="RaiseMoneyAction.cpp">
      <Filter>Source Files\Action</Filter>
    </ClCompile>
    <ClCompile Include="BankruptcyAction.cpp">
      <Filter>Source Files\Action</Filter>
    </ClCompile>
    <ClCompile Include="PayMoneyAction.cpp">
      <Filter>Source Files\Action</Filter>
    </ClCompile>
  </ItemGroup>
  <ItemGroup>
    <ClInclude Include="Player.h">
      <Filter>Header Files</Filter>
    </ClInclude>
    <ClInclude Include="GameManager.h">
      <Filter>Header Files</Filter>
    </ClInclude>
    <ClInclude Include="CardDeck.h">
      <Filter>Header Files</Filter>
    </ClInclude>
    <ClInclude Include="Board.h">
      <Filter>Header Files</Filter>
    </ClInclude>
    <ClInclude Include="Dice.h">
      <Filter>Header Files</Filter>
    </ClInclude>
    <ClInclude Include="ThirdParty\tinyxml2\tinyxml2.h">
      <Filter>ThirdParty</Filter>
    </ClInclude>
    <ClInclude Include="Card.h">
      <Filter>Header Files</Filter>
    </ClInclude>
    <ClInclude Include="Game.h">
      <Filter>Header Files</Filter>
    </ClInclude>
    <ClInclude Include="GoToJailTile.h">
      <Filter>Header Files\Tile</Filter>
    </ClInclude>
    <ClInclude Include="PropertyTile.h">
      <Filter>Header Files\Tile</Filter>
    </ClInclude>
    <ClInclude Include="RailroadTile.h">
      <Filter>Header Files\Tile</Filter>
    </ClInclude>
    <ClInclude Include="StreetTile.h">
      <Filter>Header Files\Tile</Filter>
    </ClInclude>
    <ClInclude Include="TaxTile.h">
      <Filter>Header Files\Tile</Filter>
    </ClInclude>
    <ClInclude Include="UtilityTile.h">
      <Filter>Header Files\Tile</Filter>
    </ClInclude>
    <ClInclude Include="FreeParkingTile.h">
      <Filter>Header Files\Tile</Filter>
    </ClInclude>
    <ClInclude Include="CardTile.h">
      <Filter>Header Files\Tile</Filter>
    </ClInclude>
    <ClInclude Include="CardTileType.h">
      <Filter>Header Files\Tile</Filter>
    </ClInclude>
    <ClInclude Include="ActionTile.h">
      <Filter>Header Files\Tile</Filter>
    </ClInclude>
    <ClInclude Include="BuyPropertyAction.h">
      <Filter>Header Files\Action</Filter>
    </ClInclude>
    <ClInclude Include="Action.h">
      <Filter>Header Files\Action</Filter>
    </ClInclude>
    <ClInclude Include="Tile.h">
      <Filter>Header Files\Tile</Filter>
    </ClInclude>
    <ClInclude Include="JailTile.h">
      <Filter>Header Files\Tile</Filter>
    </ClInclude>
    <ClInclude Include="GoTile.h">
      <Filter>Header Files\Tile</Filter>
    </ClInclude>
    <ClInclude Include="ConsoleDecisionProvider.h">
      <Filter>Header Files\DecisionProvider</Filter>
    </ClInclude>
    <ClInclude Include="DecisionProvider.h">
      <Filter>Header Files\DecisionProvider</Filter>
    </ClInclude>
    <ClInclude Include="UI.h">
      <Filter>Header Files\UI</Filter>
    </ClInclude>
    <ClInclude Include="ConsoleUI.h">
      <Filter>Header Files\UI</Filter>
    </ClInclude>
    <ClInclude Include="BotDecisionProvider.h">
      <Filter>Header Files\DecisionProvider</Filter>
    </ClInclude>
    <ClInclude Include="RaiseMoneyAction.h">
      <Filter>Header Files\Action</Filter>
    </ClInclude>
    <ClInclude Include="BankruptcyAction.h">
      <Filter>Header Files\Action</Filter>
    </ClInclude>
    <ClInclude Include="PayMoneyAction.h">
      <Filter>Header Files\Action</Filter>
    </ClInclude>
  </ItemGroup>
  <ItemGroup>
    <Xml Include="Resources\boardspaces.xml">
      <Filter>Resources</Filter>
    </Xml>
    <Xml Include="Resources\chancecards.xml">
      <Filter>Resources</Filter>
    </Xml>
    <Xml Include="Resources\communitydeckcards.xml">
      <Filter>Resources</Filter>
    </Xml>
  </ItemGroup>
</Project>